
Microsoft Visual Studio Solution File, Format Version 12.00
# Visual Studio Version 17
VisualStudioVersion = 17.4.33213.308
MinimumVisualStudioVersion = 10.0.40219.1
Project("{FAE04EC0-301F-11D3-BF4B-00C04F79EFBC}") = "CustomDateTimePicker", "CustomDateTimePicker\CustomDateTimePicker.csproj", "{D15E105D-921D-4FC6-8F46-0FC3CA48535E}"
EndProject
Global
	GlobalSection(SolutionConfigurationPlatforms) = preSolution
		Debug|Any CPU = Debug|Any CPU
		Release|Any CPU = Release|Any CPU
	EndGlobalSection
	GlobalSection(ProjectConfigurationPlatforms) = postSolution
		{D15E105D-921D-4FC6-8F46-0FC3CA48535E}.Debug|Any CPU.ActiveCfg = Debug|Any CPU
		{D15E105D-921D-4FC6-8F46-0FC3CA48535E}.Debug|Any CPU.Build.0 = Debug|Any CPU
		{D15E105D-921D-4FC6-8F46-0FC3CA48535E}.Release|Any CPU.ActiveCfg = Release|Any CPU
		{D15E105D-921D-4FC6-8F46-0FC3CA48535E}.Release|Any CPU.Build.0 = Release|Any CPU
	EndGlobalSection
	GlobalSection(SolutionProperties) = preSolution
		HideSolutionNode = FALSE
	EndGlobalSection
	GlobalSection(ExtensibilityGlobals) = postSolution
		SolutionGuid = {8CBC235D-5655-403E-9FEB-22A9F9A3781E}
	EndGlobalSection
EndGlobal
